
Microsoft Visual Studio Solution File, Format Version 12.00
# Visual Studio Version 17
VisualStudioVersion = 17.13.35931.197 d17.13
MinimumVisualStudioVersion = 10.0.40219.1
Project("{FAE04EC0-301F-11D3-BF4B-00C04F79EFBC}") = "Schill_20250922_GitHub", "Schill_20250922_GitHub.csproj", "{C91EADDA-A09B-416A-A40D-C99CD8B75DD1}"
EndProject
Global
	GlobalSection(SolutionConfigurationPlatforms) = preSolution
		Debug|Any CPU = Debug|Any CPU
		Release|Any CPU = Release|Any CPU
	EndGlobalSection
	GlobalSection(ProjectConfigurationPlatforms) = postSolution
		{C91EADDA-A09B-416A-A40D-C99CD8B75DD1}.Debug|Any CPU.ActiveCfg = Debug|Any CPU
		{C91EADDA-A09B-416A-A40D-C99CD8B75DD1}.Debug|Any CPU.Build.0 = Debug|Any CPU
		{C91EADDA-A09B-416A-A40D-C99CD8B75DD1}.Release|Any CPU.ActiveCfg = Release|Any CPU
		{C91EADDA-A09B-416A-A40D-C99CD8B75DD1}.Release|Any CPU.Build.0 = Release|Any CPU
	EndGlobalSection
	GlobalSection(SolutionProperties) = preSolution
		HideSolutionNode = FALSE
	EndGlobalSection
	GlobalSection(ExtensibilityGlobals) = postSolution
		SolutionGuid = {E6AA1625-DB2E-4939-BDFB-1FAF9CA8B6F4}
	EndGlobalSection
EndGlobal
